// !$*UTF8*$!
{
	archiveVersion = 1;
	classes = {
	};
	objectVersion = 46;
	objects = {

/* Begin PBXBuildFile section */
		40137CF49C59930DA23C79A9 /* Pods_RNPhotoEditor.framework in Frameworks */ = {isa = PBXBuildFile; fileRef = 96DD4AC0F5A94CE9A56A7D23 /* Pods_RNPhotoEditor.framework */; };
		6A2E234E281AC05A007FB6FA /* PhotoEditor+Keyboard.swift in Sources */ = {isa = PBXBuildFile; fileRef = 6A2E2331281AC05A007FB6FA /* PhotoEditor+Keyboard.swift */; };
		6A2E234F281AC05A007FB6FA /* PhotoEditor+Controls.swift in Sources */ = {isa = PBXBuildFile; fileRef = 6A2E2332281AC05A007FB6FA /* PhotoEditor+Controls.swift */; };
		6A2E2350281AC05A007FB6FA /* PhotoEditor+StickersViewController.swift in Sources */ = {isa = PBXBuildFile; fileRef = 6A2E2334281AC05A007FB6FA /* PhotoEditor+StickersViewController.swift */; };
		6A2E2351281AC05A007FB6FA /* PhotoEditor+UITextView.swift in Sources */ = {isa = PBXBuildFile; fileRef = 6A2E2335281AC05A007FB6FA /* PhotoEditor+UITextView.swift */; };
		6A2E2352281AC05A007FB6FA /* UIImageView+Alpha.swift in Sources */ = {isa = PBXBuildFile; fileRef = 6A2E2336281AC05A007FB6FA /* UIImageView+Alpha.swift */; };
		6A2E2353281AC05A007FB6FA /* PhotoEditor+Font.swift in Sources */ = {isa = PBXBuildFile; fileRef = 6A2E2337281AC05A007FB6FA /* PhotoEditor+Font.swift */; };
		6A2E2354281AC05A007FB6FA /* RNPhotoEditorView.swift in Sources */ = {isa = PBXBuildFile; fileRef = 6A2E2339281AC05A007FB6FA /* RNPhotoEditorView.swift */; };
		6A2E2355281AC05A007FB6FA /* UIView+Image.swift in Sources */ = {isa = PBXBuildFile; fileRef = 6A2E233A281AC05A007FB6FA /* UIView+Image.swift */; };
		6A2E2356281AC05A007FB6FA /* UIImage+Size.swift in Sources */ = {isa = PBXBuildFile; fileRef = 6A2E233B281AC05A007FB6FA /* UIImage+Size.swift */; };
		6A2E2357281AC05A007FB6FA /* UIImage+Crop.swift in Sources */ = {isa = PBXBuildFile; fileRef = 6A2E233C281AC05A007FB6FA /* UIImage+Crop.swift */; };
		6A2E2358281AC05A007FB6FA /* Protocols.swift in Sources */ = {isa = PBXBuildFile; fileRef = 6A2E233D281AC05A007FB6FA /* Protocols.swift */; };
		6A2E2359281AC05A007FB6FA /* PhotoEditor+Drawing.swift in Sources */ = {isa = PBXBuildFile; fileRef = 6A2E233E281AC05A007FB6FA /* PhotoEditor+Drawing.swift */; };
		6A2E235A281AC05A007FB6FA /* CropView.swift in Sources */ = {isa = PBXBuildFile; fileRef = 6A2E2341281AC05A007FB6FA /* CropView.swift */; };
		6A2E235B281AC05A007FB6FA /* ResizeControl.swift in Sources */ = {isa = PBXBuildFile; fileRef = 6A2E2342281AC05A007FB6FA /* ResizeControl.swift */; };
		6A2E235C281AC05A007FB6FA /* PhotoEditor+Gestures.swift in Sources */ = {isa = PBXBuildFile; fileRef = 6A2E2343281AC05A007FB6FA /* PhotoEditor+Gestures.swift */; };
		6A2E235D281AC05A007FB6FA /* RNPhotoEditorViewManager.m in Sources */ = {isa = PBXBuildFile; fileRef = 6A2E2344281AC05A007FB6FA /* RNPhotoEditorViewManager.m */; };
		6A2E235E281AC05A007FB6FA /* PhotoEditorViewController.swift in Sources */ = {isa = PBXBuildFile; fileRef = 6A2E2345281AC05A007FB6FA /* PhotoEditorViewController.swift */; };
		6A2E235F281AC05A007FB6FA /* StickerCollectionViewCell.swift in Sources */ = {isa = PBXBuildFile; fileRef = 6A2E2347281AC05A007FB6FA /* StickerCollectionViewCell.swift */; };
		6A2E2360281AC05A007FB6FA /* CropViewController.swift in Sources */ = {isa = PBXBuildFile; fileRef = 6A2E2348281AC05A007FB6FA /* CropViewController.swift */; };
		6A2E2361281AC05A007FB6FA /* PhotoEditor+Crop.swift in Sources */ = {isa = PBXBuildFile; fileRef = 6A2E2349281AC05A007FB6FA /* PhotoEditor+Crop.swift */; };
		6A2E2362281AC05A007FB6FA /* CropRectView.swift in Sources */ = {isa = PBXBuildFile; fileRef = 6A2E234B281AC05A007FB6FA /* CropRectView.swift */; };
		6A2E2363281AC05A007FB6FA /* RNPhotoEditorViewManager.swift in Sources */ = {isa = PBXBuildFile; fileRef = 6A2E234D281AC05A007FB6FA /* RNPhotoEditorViewManager.swift */; };
		CEA2B04A2144EDA200D21235 /* iOSPhotoEditor.framework in Frameworks */ = {isa = PBXBuildFile; fileRef = CEA2B0472144EDA000D21235 /* iOSPhotoEditor.framework */; };
/* End PBXBuildFile section */

/* Begin PBXContainerItemProxy section */
		CEA2B0462144EDA000D21235 /* PBXContainerItemProxy */ = {
			isa = PBXContainerItemProxy;
			containerPortal = CEA2B0412144ED9F00D21235 /* Pods.xcodeproj */;
			proxyType = 2;
			remoteGlobalIDString = 3953F4E53224764A2EFC804C7A5E45C0;
			remoteInfo = iOSPhotoEditor;
		};
		CEA2B0482144EDA000D21235 /* PBXContainerItemProxy */ = {
			isa = PBXContainerItemProxy;
			containerPortal = CEA2B0412144ED9F00D21235 /* Pods.xcodeproj */;
			proxyType = 2;
			remoteGlobalIDString = C0D0AA7B71413A07FD24B6841A79DC55;
			remoteInfo = "Pods-RNPhotoEditor";
		};
/* End PBXContainerItemProxy section */

/* Begin PBXCopyFilesBuildPhase section */
		58B511D91A9E6C8500147676 /* CopyFiles */ = {
			isa = PBXCopyFilesBuildPhase;
			buildActionMask = 2147483647;
			dstPath = "include/$(PRODUCT_NAME)";
			dstSubfolderSpec = 16;
			files = (
			);
			runOnlyForDeploymentPostprocessing = 0;
		};
/* End PBXCopyFilesBuildPhase section */

/* Begin PBXFileReference section */
		05DA841703B4CCFEE54B14CD /* Pods-RNPhotoEditor.debug.xcconfig */ = {isa = PBXFileReference; includeInIndex = 1; lastKnownFileType = text.xcconfig; name = "Pods-RNPhotoEditor.debug.xcconfig"; path = "Pods/Target Support Files/Pods-RNPhotoEditor/Pods-RNPhotoEditor.debug.xcconfig"; sourceTree = "<group>"; };
		134814201AA4EA6300B7C361 /* libRNPhotoEditor.a */ = {isa = PBXFileReference; explicitFileType = archive.ar; includeInIndex = 0; path = libRNPhotoEditor.a; sourceTree = BUILT_PRODUCTS_DIR; };
		4715A5625794BA3A83A872C5 /* Pods-RNPhotoEditor.release.xcconfig */ = {isa = PBXFileReference; includeInIndex = 1; lastKnownFileType = text.xcconfig; name = "Pods-RNPhotoEditor.release.xcconfig"; path = "Pods/Target Support Files/Pods-RNPhotoEditor/Pods-RNPhotoEditor.release.xcconfig"; sourceTree = "<group>"; };
		6A2E232F281AC05A007FB6FA /* RNPhotoEditor-Bridging-Header.h */ = {isa = PBXFileReference; lastKnownFileType = sourcecode.c.h; path = "RNPhotoEditor-Bridging-Header.h"; sourceTree = "<group>"; };
		6A2E2331281AC05A007FB6FA /* PhotoEditor+Keyboard.swift */ = {isa = PBXFileReference; fileEncoding = 4; lastKnownFileType = sourcecode.swift; path = "PhotoEditor+Keyboard.swift"; sourceTree = "<group>"; };
		6A2E2332281AC05A007FB6FA /* PhotoEditor+Controls.swift */ = {isa = PBXFileReference; fileEncoding = 4; lastKnownFileType = sourcecode.swift; path = "PhotoEditor+Controls.swift"; sourceTree = "<group>"; };
		6A2E2333281AC05A007FB6FA /* PhotoEditorViewController.xib */ = {isa = PBXFileReference; fileEncoding = 4; lastKnownFileType = file.xib; path = PhotoEditorViewController.xib; sourceTree = "<group>"; };
		6A2E2334281AC05A007FB6FA /* PhotoEditor+StickersViewController.swift */ = {isa = PBXFileReference; fileEncoding = 4; lastKnownFileType = sourcecode.swift; path = "PhotoEditor+StickersViewController.swift"; sourceTree = "<group>"; };
		6A2E2335281AC05A007FB6FA /* PhotoEditor+UITextView.swift */ = {isa = PBXFileReference; fileEncoding = 4; lastKnownFileType = sourcecode.swift; path = "PhotoEditor+UITextView.swift"; sourceTree = "<group>"; };
		6A2E2336281AC05A007FB6FA /* UIImageView+Alpha.swift */ = {isa = PBXFileReference; fileEncoding = 4; lastKnownFileType = sourcecode.swift; path = "UIImageView+Alpha.swift"; sourceTree = "<group>"; };
		6A2E2337281AC05A007FB6FA /* PhotoEditor+Font.swift */ = {isa = PBXFileReference; fileEncoding = 4; lastKnownFileType = sourcecode.swift; path = "PhotoEditor+Font.swift"; sourceTree = "<group>"; };
		6A2E2338281AC05A007FB6FA /* PhotoCropEditorBorder@2x.png */ = {isa = PBXFileReference; lastKnownFileType = image.png; path = "PhotoCropEditorBorder@2x.png"; sourceTree = "<group>"; };
		6A2E2339281AC05A007FB6FA /* RNPhotoEditorView.swift */ = {isa = PBXFileReference; fileEncoding = 4; lastKnownFileType = sourcecode.swift; path = RNPhotoEditorView.swift; sourceTree = "<group>"; };
		6A2E233A281AC05A007FB6FA /* UIView+Image.swift */ = {isa = PBXFileReference; fileEncoding = 4; lastKnownFileType = sourcecode.swift; path = "UIView+Image.swift"; sourceTree = "<group>"; };
		6A2E233B281AC05A007FB6FA /* UIImage+Size.swift */ = {isa = PBXFileReference; fileEncoding = 4; lastKnownFileType = sourcecode.swift; path = "UIImage+Size.swift"; sourceTree = "<group>"; };
		6A2E233C281AC05A007FB6FA /* UIImage+Crop.swift */ = {isa = PBXFileReference; fileEncoding = 4; lastKnownFileType = sourcecode.swift; path = "UIImage+Crop.swift"; sourceTree = "<group>"; };
		6A2E233D281AC05A007FB6FA /* Protocols.swift */ = {isa = PBXFileReference; fileEncoding = 4; lastKnownFileType = sourcecode.swift; path = Protocols.swift; sourceTree = "<group>"; };
		6A2E233E281AC05A007FB6FA /* PhotoEditor+Drawing.swift */ = {isa = PBXFileReference; fileEncoding = 4; lastKnownFileType = sourcecode.swift; path = "PhotoEditor+Drawing.swift"; sourceTree = "<group>"; };
		6A2E233F281AC05A007FB6FA /* PhotoCropEditorBorder@3x.png */ = {isa = PBXFileReference; lastKnownFileType = image.png; path = "PhotoCropEditorBorder@3x.png"; sourceTree = "<group>"; };
		6A2E2340281AC05A007FB6FA /* PhotoCropEditorBorder.png */ = {isa = PBXFileReference; lastKnownFileType = image.png; path = PhotoCropEditorBorder.png; sourceTree = "<group>"; };
		6A2E2341281AC05A007FB6FA /* CropView.swift */ = {isa = PBXFileReference; fileEncoding = 4; lastKnownFileType = sourcecode.swift; path = CropView.swift; sourceTree = "<group>"; };
		6A2E2342281AC05A007FB6FA /* ResizeControl.swift */ = {isa = PBXFileReference; fileEncoding = 4; lastKnownFileType = sourcecode.swift; path = ResizeControl.swift; sourceTree = "<group>"; };
		6A2E2343281AC05A007FB6FA /* PhotoEditor+Gestures.swift */ = {isa = PBXFileReference; fileEncoding = 4; lastKnownFileType = sourcecode.swift; path = "PhotoEditor+Gestures.swift"; sourceTree = "<group>"; };
		6A2E2344281AC05A007FB6FA /* RNPhotoEditorViewManager.m */ = {isa = PBXFileReference; fileEncoding = 4; lastKnownFileType = sourcecode.c.objc; path = RNPhotoEditorViewManager.m; sourceTree = "<group>"; };
		6A2E2345281AC05A007FB6FA /* PhotoEditorViewController.swift */ = {isa = PBXFileReference; fileEncoding = 4; lastKnownFileType = sourcecode.swift; path = PhotoEditorViewController.swift; sourceTree = "<group>"; };
		6A2E2346281AC05A007FB6FA /* StickerCollectionViewCell.xib */ = {isa = PBXFileReference; fileEncoding = 4; lastKnownFileType = file.xib; path = StickerCollectionViewCell.xib; sourceTree = "<group>"; };
		6A2E2347281AC05A007FB6FA /* StickerCollectionViewCell.swift */ = {isa = PBXFileReference; fileEncoding = 4; lastKnownFileType = sourcecode.swift; path = StickerCollectionViewCell.swift; sourceTree = "<group>"; };
		6A2E2348281AC05A007FB6FA /* CropViewController.swift */ = {isa = PBXFileReference; fileEncoding = 4; lastKnownFileType = sourcecode.swift; path = CropViewController.swift; sourceTree = "<group>"; };
		6A2E2349281AC05A007FB6FA /* PhotoEditor+Crop.swift */ = {isa = PBXFileReference; fileEncoding = 4; lastKnownFileType = sourcecode.swift; path = "PhotoEditor+Crop.swift"; sourceTree = "<group>"; };
		6A2E234A281AC05A007FB6FA /* Info.plist */ = {isa = PBXFileReference; fileEncoding = 4; lastKnownFileType = text.plist.xml; path = Info.plist; sourceTree = "<group>"; };
		6A2E234B281AC05A007FB6FA /* CropRectView.swift */ = {isa = PBXFileReference; fileEncoding = 4; lastKnownFileType = sourcecode.swift; path = CropRectView.swift; sourceTree = "<group>"; };
		6A2E234C281AC05A007FB6FA /* RNPhotoEditor-Bridging-Header.h */ = {isa = PBXFileReference; fileEncoding = 4; lastKnownFileType = sourcecode.c.h; path = "RNPhotoEditor-Bridging-Header.h"; sourceTree = "<group>"; };
		6A2E234D281AC05A007FB6FA /* RNPhotoEditorViewManager.swift */ = {isa = PBXFileReference; fileEncoding = 4; lastKnownFileType = sourcecode.swift; path = RNPhotoEditorViewManager.swift; sourceTree = "<group>"; };
		96DD4AC0F5A94CE9A56A7D23 /* Pods_RNPhotoEditor.framework */ = {isa = PBXFileReference; explicitFileType = wrapper.framework; includeInIndex = 0; path = Pods_RNPhotoEditor.framework; sourceTree = BUILT_PRODUCTS_DIR; };
		CEA2B0412144ED9F00D21235 /* Pods.xcodeproj */ = {isa = PBXFileReference; lastKnownFileType = "wrapper.pb-project"; name = Pods.xcodeproj; path = Pods/Pods.xcodeproj; sourceTree = "<group>"; };
/* End PBXFileReference section */

/* Begin PBXFrameworksBuildPhase section */
		58B511D81A9E6C8500147676 /* Frameworks */ = {
			isa = PBXFrameworksBuildPhase;
			buildActionMask = 2147483647;
			files = (
				CEA2B04A2144EDA200D21235 /* iOSPhotoEditor.framework in Frameworks */,
				40137CF49C59930DA23C79A9 /* Pods_RNPhotoEditor.framework in Frameworks */,
			);
			runOnlyForDeploymentPostprocessing = 0;
		};
/* End PBXFrameworksBuildPhase section */

/* Begin PBXGroup section */
		134814211AA4EA7D00B7C361 /* Products */ = {
			isa = PBXGroup;
			children = (
				134814201AA4EA6300B7C361 /* libRNPhotoEditor.a */,
			);
			name = Products;
			sourceTree = "<group>";
		};
		58B511D21A9E6C8500147676 = {
			isa = PBXGroup;
			children = (
				6A2E2330281AC05A007FB6FA /* Photo Editor */,
				6A2E234C281AC05A007FB6FA /* RNPhotoEditor-Bridging-Header.h */,
				6A2E234D281AC05A007FB6FA /* RNPhotoEditorViewManager.swift */,
				134814211AA4EA7D00B7C361 /* Products */,
				E6FAD135F551FA36DB423079 /* Pods */,
				956042663EE01F6152091375 /* Frameworks */,
				6A2E232F281AC05A007FB6FA /* RNPhotoEditor-Bridging-Header.h */,
			);
			sourceTree = "<group>";
		};
		6A2E2330281AC05A007FB6FA /* Photo Editor */ = {
			isa = PBXGroup;
			children = (
				6A2E2331281AC05A007FB6FA /* PhotoEditor+Keyboard.swift */,
				6A2E2332281AC05A007FB6FA /* PhotoEditor+Controls.swift */,
				6A2E2333281AC05A007FB6FA /* PhotoEditorViewController.xib */,
				6A2E2334281AC05A007FB6FA /* PhotoEditor+StickersViewController.swift */,
				6A2E2335281AC05A007FB6FA /* PhotoEditor+UITextView.swift */,
				6A2E2336281AC05A007FB6FA /* UIImageView+Alpha.swift */,
				6A2E2337281AC05A007FB6FA /* PhotoEditor+Font.swift */,
				6A2E2338281AC05A007FB6FA /* PhotoCropEditorBorder@2x.png */,
				6A2E2339281AC05A007FB6FA /* RNPhotoEditorView.swift */,
				6A2E233A281AC05A007FB6FA /* UIView+Image.swift */,
				6A2E233B281AC05A007FB6FA /* UIImage+Size.swift */,
				6A2E233C281AC05A007FB6FA /* UIImage+Crop.swift */,
				6A2E233D281AC05A007FB6FA /* Protocols.swift */,
				6A2E233E281AC05A007FB6FA /* PhotoEditor+Drawing.swift */,
				6A2E233F281AC05A007FB6FA /* PhotoCropEditorBorder@3x.png */,
				6A2E2340281AC05A007FB6FA /* PhotoCropEditorBorder.png */,
				6A2E2341281AC05A007FB6FA /* CropView.swift */,
				6A2E2342281AC05A007FB6FA /* ResizeControl.swift */,
				6A2E2343281AC05A007FB6FA /* PhotoEditor+Gestures.swift */,
				6A2E2344281AC05A007FB6FA /* RNPhotoEditorViewManager.m */,
				6A2E2345281AC05A007FB6FA /* PhotoEditorViewController.swift */,
				6A2E2346281AC05A007FB6FA /* StickerCollectionViewCell.xib */,
				6A2E2347281AC05A007FB6FA /* StickerCollectionViewCell.swift */,
				6A2E2348281AC05A007FB6FA /* CropViewController.swift */,
				6A2E2349281AC05A007FB6FA /* PhotoEditor+Crop.swift */,
				6A2E234A281AC05A007FB6FA /* Info.plist */,
				6A2E234B281AC05A007FB6FA /* CropRectView.swift */,
			);
			path = "Photo Editor";
			sourceTree = "<group>";
		};
		956042663EE01F6152091375 /* Frameworks */ = {
			isa = PBXGroup;
			children = (
				4715A5625794BA3A83A872C5 /* Pods-RNPhotoEditor.release.xcconfig */,
				CEA2B0412144ED9F00D21235 /* Pods.xcodeproj */,
				96DD4AC0F5A94CE9A56A7D23 /* Pods_RNPhotoEditor.framework */,
			);
			name = Frameworks;
			sourceTree = "<group>";
		};
		CEA2B0422144ED9F00D21235 /* Products */ = {
			isa = PBXGroup;
			children = (
				CEA2B0472144EDA000D21235 /* iOSPhotoEditor.framework */,
				CEA2B0492144EDA000D21235 /* Pods_RNPhotoEditor.framework */,
			);
			name = Products;
			sourceTree = "<group>";
		};
		E6FAD135F551FA36DB423079 /* Pods */ = {
			isa = PBXGroup;
			children = (
				05DA841703B4CCFEE54B14CD /* Pods-RNPhotoEditor.debug.xcconfig */,
			);
			name = Pods;
			sourceTree = "<group>";
		};
/* End PBXGroup section */

/* Begin PBXNativeTarget section */
		58B511DA1A9E6C8500147676 /* RNPhotoEditor */ = {
			isa = PBXNativeTarget;
			buildConfigurationList = 58B511EF1A9E6C8500147676 /* Build configuration list for PBXNativeTarget "RNPhotoEditor" */;
			buildPhases = (
				663DC7DF621CC8E1AD213107 /* [CP] Check Pods Manifest.lock */,
				58B511D71A9E6C8500147676 /* Sources */,
				58B511D81A9E6C8500147676 /* Frameworks */,
				58B511D91A9E6C8500147676 /* CopyFiles */,
			);
			buildRules = (
			);
			dependencies = (
			);
			name = RNPhotoEditor;
			productName = RCTDataManager;
			productReference = 134814201AA4EA6300B7C361 /* libRNPhotoEditor.a */;
			productType = "com.apple.product-type.library.static";
		};
/* End PBXNativeTarget section */

/* Begin PBXProject section */
		58B511D31A9E6C8500147676 /* Project object */ = {
			isa = PBXProject;
			attributes = {
				LastUpgradeCheck = 0830;
				ORGANIZATIONNAME = Facebook;
				TargetAttributes = {
					58B511DA1A9E6C8500147676 = {
						CreatedOnToolsVersion = 6.1.1;
						LastSwiftMigration = 1320;
					};
				};
			};
			buildConfigurationList = 58B511D61A9E6C8500147676 /* Build configuration list for PBXProject "RNPhotoEditor" */;
			compatibilityVersion = "Xcode 3.2";
			developmentRegion = English;
			hasScannedForEncodings = 0;
			knownRegions = (
				English,
				en,
			);
			mainGroup = 58B511D21A9E6C8500147676;
			productRefGroup = 58B511D21A9E6C8500147676;
			projectDirPath = "";
			projectReferences = (
				{
					ProductGroup = CEA2B0422144ED9F00D21235 /* Products */;
					ProjectRef = CEA2B0412144ED9F00D21235 /* Pods.xcodeproj */;
				},
			);
			projectRoot = "";
			targets = (
				58B511DA1A9E6C8500147676 /* RNPhotoEditor */,
			);
		};
/* End PBXProject section */

/* Begin PBXReferenceProxy section */
		CEA2B0472144EDA000D21235 /* iOSPhotoEditor.framework */ = {
			isa = PBXReferenceProxy;
			fileType = wrapper.framework;
			path = iOSPhotoEditor.framework;
			remoteRef = CEA2B0462144EDA000D21235 /* PBXContainerItemProxy */;
			sourceTree = BUILT_PRODUCTS_DIR;
		};
		CEA2B0492144EDA000D21235 /* Pods_RNPhotoEditor.framework */ = {
			isa = PBXReferenceProxy;
			fileType = wrapper.framework;
			path = Pods_RNPhotoEditor.framework;
			remoteRef = CEA2B0482144EDA000D21235 /* PBXContainerItemProxy */;
			sourceTree = BUILT_PRODUCTS_DIR;
		};
/* End PBXReferenceProxy section */

/* Begin PBXShellScriptBuildPhase section */
		663DC7DF621CC8E1AD213107 /* [CP] Check Pods Manifest.lock */ = {
			isa = PBXShellScriptBuildPhase;
			buildActionMask = 2147483647;
			files = (
			);
			inputPaths = (
				"${PODS_PODFILE_DIR_PATH}/Podfile.lock",
				"${PODS_ROOT}/Manifest.lock",
			);
			name = "[CP] Check Pods Manifest.lock";
			outputPaths = (
				"$(DERIVED_FILE_DIR)/Pods-RNPhotoEditor-checkManifestLockResult.txt",
			);
			runOnlyForDeploymentPostprocessing = 0;
			shellPath = /bin/sh;
			shellScript = "diff \"${PODS_PODFILE_DIR_PATH}/Podfile.lock\" \"${PODS_ROOT}/Manifest.lock\" > /dev/null\nif [ $? != 0 ] ; then\n    # print error to STDERR\n    echo \"error: The sandbox is not in sync with the Podfile.lock. Run 'pod install' or update your CocoaPods installation.\" >&2\n    exit 1\nfi\n# This output is used by Xcode 'outputs' to avoid re-running this script phase.\necho \"SUCCESS\" > \"${SCRIPT_OUTPUT_FILE_0}\"\n";
			showEnvVarsInLog = 0;
		};
/* End PBXShellScriptBuildPhase section */

/* Begin PBXSourcesBuildPhase section */
		58B511D71A9E6C8500147676 /* Sources */ = {
			isa = PBXSourcesBuildPhase;
			buildActionMask = 2147483647;
			files = (
				6A2E2363281AC05A007FB6FA /* RNPhotoEditorViewManager.swift in Sources */,
				6A2E2360281AC05A007FB6FA /* CropViewController.swift in Sources */,
				6A2E235F281AC05A007FB6FA /* StickerCollectionViewCell.swift in Sources */,
				6A2E235C281AC05A007FB6FA /* PhotoEditor+Gestures.swift in Sources */,
				6A2E2359281AC05A007FB6FA /* PhotoEditor+Drawing.swift in Sources */,
				6A2E2356281AC05A007FB6FA /* UIImage+Size.swift in Sources */,
				6A2E2353281AC05A007FB6FA /* PhotoEditor+Font.swift in Sources */,
				6A2E2362281AC05A007FB6FA /* CropRectView.swift in Sources */,
				6A2E235B281AC05A007FB6FA /* ResizeControl.swift in Sources */,
				6A2E234E281AC05A007FB6FA /* PhotoEditor+Keyboard.swift in Sources */,
				6A2E2358281AC05A007FB6FA /* Protocols.swift in Sources */,
				6A2E2357281AC05A007FB6FA /* UIImage+Crop.swift in Sources */,
				6A2E2354281AC05A007FB6FA /* RNPhotoEditorView.swift in Sources */,
				6A2E235E281AC05A007FB6FA /* PhotoEditorViewController.swift in Sources */,
				6A2E2351281AC05A007FB6FA /* PhotoEditor+UITextView.swift in Sources */,
				6A2E2361281AC05A007FB6FA /* PhotoEditor+Crop.swift in Sources */,
				6A2E2355281AC05A007FB6FA /* UIView+Image.swift in Sources */,
				6A2E234F281AC05A007FB6FA /* PhotoEditor+Controls.swift in Sources */,
				6A2E235D281AC05A007FB6FA /* RNPhotoEditorViewManager.m in Sources */,
				6A2E2350281AC05A007FB6FA /* PhotoEditor+StickersViewController.swift in Sources */,
				6A2E235A281AC05A007FB6FA /* CropView.swift in Sources */,
				6A2E2352281AC05A007FB6FA /* UIImageView+Alpha.swift in Sources */,
			);
			runOnlyForDeploymentPostprocessing = 0;
		};
/* End PBXSourcesBuildPhase section */

/* Begin XCBuildConfiguration section */
		58B511ED1A9E6C8500147676 /* Debug */ = {
			isa = XCBuildConfiguration;
			buildSettings = {
				ALWAYS_SEARCH_USER_PATHS = NO;
				CLANG_CXX_LANGUAGE_STANDARD = "gnu++0x";
				CLANG_CXX_LIBRARY = "libc++";
				CLANG_ENABLE_MODULES = YES;
				CLANG_ENABLE_OBJC_ARC = YES;
				CLANG_WARN_BOOL_CONVERSION = YES;
				CLANG_WARN_CONSTANT_CONVERSION = YES;
				CLANG_WARN_DIRECT_OBJC_ISA_USAGE = YES_ERROR;
				CLANG_WARN_EMPTY_BODY = YES;
				CLANG_WARN_ENUM_CONVERSION = YES;
				CLANG_WARN_INFINITE_RECURSION = YES;
				CLANG_WARN_INT_CONVERSION = YES;
				CLANG_WARN_OBJC_ROOT_CLASS = YES_ERROR;
				CLANG_WARN_SUSPICIOUS_MOVE = YES;
				CLANG_WARN_UNREACHABLE_CODE = YES;
				CLANG_WARN__DUPLICATE_METHOD_MATCH = YES;
				COPY_PHASE_STRIP = NO;
				ENABLE_STRICT_OBJC_MSGSEND = YES;
				ENABLE_TESTABILITY = YES;
				GCC_C_LANGUAGE_STANDARD = gnu99;
				GCC_DYNAMIC_NO_PIC = NO;
				GCC_NO_COMMON_BLOCKS = YES;
				GCC_OPTIMIZATION_LEVEL = 0;
				GCC_PREPROCESSOR_DEFINITIONS = (
					"DEBUG=1",
					"$(inherited)",
				);
				GCC_SYMBOLS_PRIVATE_EXTERN = NO;
				GCC_WARN_64_TO_32_BIT_CONVERSION = YES;
				GCC_WARN_ABOUT_RETURN_TYPE = YES_ERROR;
				GCC_WARN_UNDECLARED_SELECTOR = YES;
				GCC_WARN_UNINITIALIZED_AUTOS = YES_AGGRESSIVE;
				GCC_WARN_UNUSED_FUNCTION = YES;
				GCC_WARN_UNUSED_VARIABLE = YES;
				IPHONEOS_DEPLOYMENT_TARGET = 8.0;
				MTL_ENABLE_DEBUG_INFO = YES;
				ONLY_ACTIVE_ARCH = YES;
				SDKROOT = iphoneos;
			};
			name = Debug;
		};
		58B511EE1A9E6C8500147676 /* Release */ = {
			isa = XCBuildConfiguration;
			buildSettings = {
				ALWAYS_SEARCH_USER_PATHS = NO;
				CLANG_CXX_LANGUAGE_STANDARD = "gnu++0x";
				CLANG_CXX_LIBRARY = "libc++";
				CLANG_ENABLE_MODULES = YES;
				CLANG_ENABLE_OBJC_ARC = YES;
				CLANG_WARN_BOOL_CONVERSION = YES;
				CLANG_WARN_CONSTANT_CONVERSION = YES;
				CLANG_WARN_DIRECT_OBJC_ISA_USAGE = YES_ERROR;
				CLANG_WARN_EMPTY_BODY = YES;
				CLANG_WARN_ENUM_CONVERSION = YES;
				CLANG_WARN_INFINITE_RECURSION = YES;
				CLANG_WARN_INT_CONVERSION = YES;
				CLANG_WARN_OBJC_ROOT_CLASS = YES_ERROR;
				CLANG_WARN_SUSPICIOUS_MOVE = YES;
				CLANG_WARN_UNREACHABLE_CODE = YES;
				CLANG_WARN__DUPLICATE_METHOD_MATCH = YES;
				COPY_PHASE_STRIP = YES;
				ENABLE_NS_ASSERTIONS = NO;
				ENABLE_STRICT_OBJC_MSGSEND = YES;
				GCC_C_LANGUAGE_STANDARD = gnu99;
				GCC_NO_COMMON_BLOCKS = YES;
				GCC_WARN_64_TO_32_BIT_CONVERSION = YES;
				GCC_WARN_ABOUT_RETURN_TYPE = YES_ERROR;
				GCC_WARN_UNDECLARED_SELECTOR = YES;
				GCC_WARN_UNINITIALIZED_AUTOS = YES_AGGRESSIVE;
				GCC_WARN_UNUSED_FUNCTION = YES;
				GCC_WARN_UNUSED_VARIABLE = YES;
				IPHONEOS_DEPLOYMENT_TARGET = 8.0;
				MTL_ENABLE_DEBUG_INFO = NO;
				SDKROOT = iphoneos;
				VALIDATE_PRODUCT = YES;
			};
			name = Release;
		};
		58B511F01A9E6C8500147676 /* Debug */ = {
			isa = XCBuildConfiguration;
			baseConfigurationReference = 05DA841703B4CCFEE54B14CD /* Pods-RNPhotoEditor.debug.xcconfig */;
			buildSettings = {
				CLANG_ENABLE_MODULES = YES;
				HEADER_SEARCH_PATHS = (
					"$(inherited)",
					/Applications/Xcode.app/Contents/Developer/Toolchains/XcodeDefault.xctoolchain/usr/include,
					"$(SRCROOT)/../../../React/**",
					"$(SRCROOT)/../../react-native/React/**",
				);
				LD_RUNPATH_SEARCH_PATHS = "$(inherited) @executable_path/Frameworks @loader_path/Frameworks";
				LIBRARY_SEARCH_PATHS = "$(inherited)";
				OTHER_LDFLAGS = "-ObjC";
				PRODUCT_NAME = RNPhotoEditor;
				SKIP_INSTALL = YES;
				SWIFT_OBJC_BRIDGING_HEADER = "RNPhotoEditor-Bridging-Header.h";
				SWIFT_OPTIMIZATION_LEVEL = "-Onone";
				SWIFT_VERSION = 4.2;
			};
			name = Debug;
		};
		58B511F11A9E6C8500147676 /* Release */ = {
			isa = XCBuildConfiguration;
			baseConfigurationReference = 4715A5625794BA3A83A872C5 /* Pods-RNPhotoEditor.release.xcconfig */;
			buildSettings = {
				CLANG_ENABLE_MODULES = YES;
				HEADER_SEARCH_PATHS = (
					"$(inherited)",
					/Applications/Xcode.app/Contents/Developer/Toolchains/XcodeDefault.xctoolchain/usr/include,
					"$(SRCROOT)/../../../React/**",
					"$(SRCROOT)/../../react-native/React/**",
				);
				LD_RUNPATH_SEARCH_PATHS = "$(inherited) @executable_path/Frameworks @loader_path/Frameworks";
				LIBRARY_SEARCH_PATHS = "$(inherited)";
				OTHER_LDFLAGS = "-ObjC";
				PRODUCT_NAME = RNPhotoEditor;
				SKIP_INSTALL = YES;
				SWIFT_OBJC_BRIDGING_HEADER = "RNPhotoEditor-Bridging-Header.h";
				SWIFT_VERSION = 4.2;
			};
			name = Release;
		};
/* End XCBuildConfiguration section */

/* Begin XCConfigurationList section */
		58B511D61A9E6C8500147676 /* Build configuration list for PBXProject "RNPhotoEditor" */ = {
			isa = XCConfigurationList;
			buildConfigurations = (
				58B511ED1A9E6C8500147676 /* Debug */,
				58B511EE1A9E6C8500147676 /* Release */,
			);
			defaultConfigurationIsVisible = 0;
			defaultConfigurationName = Release;
		};
		58B511EF1A9E6C8500147676 /* Build configuration list for PBXNativeTarget "RNPhotoEditor" */ = {
			isa = XCConfigurationList;
			buildConfigurations = (
				58B511F01A9E6C8500147676 /* Debug */,
				58B511F11A9E6C8500147676 /* Release */,
			);
			defaultConfigurationIsVisible = 0;
			defaultConfigurationName = Release;
		};
/* End XCConfigurationList section */
	};
	rootObject = 58B511D31A9E6C8500147676 /* Project object */;
}
